
Microsoft Visual Studio Solution File, Format Version 12.00
# Visual Studio Version 16
VisualStudioVersion = 16.0.29806.167
MinimumVisualStudioVersion = 10.0.40219.1
Project("{FAE04EC0-301F-11D3-BF4B-00C04F79EFBC}") = "BlazorFitnessApp", "BlazorFitnessApp\BlazorFitnessApp.csproj", "{4464FB46-F46C-4C70-ACD8-DFD4FCC9B7AB}"
EndProject
Global
	GlobalSection(SolutionConfigurationPlatforms) = preSolution
		Debug|Any CPU = Debug|Any CPU
		Release|Any CPU = Release|Any CPU
	EndGlobalSection
	GlobalSection(ProjectConfigurationPlatforms) = postSolution
		{4464FB46-F46C-4C70-ACD8-DFD4FCC9B7AB}.Debug|Any CPU.ActiveCfg = Debug|Any CPU
		{4464FB46-F46C-4C70-ACD8-DFD4FCC9B7AB}.Debug|Any CPU.Build.0 = Debug|Any CPU
		{4464FB46-F46C-4C70-ACD8-DFD4FCC9B7AB}.Release|Any CPU.ActiveCfg = Release|Any CPU
		{4464FB46-F46C-4C70-ACD8-DFD4FCC9B7AB}.Release|Any CPU.Build.0 = Release|Any CPU
	EndGlobalSection
	GlobalSection(SolutionProperties) = preSolution
		HideSolutionNode = FALSE
	EndGlobalSection
	GlobalSection(ExtensibilityGlobals) = postSolution
		SolutionGuid = {6AEA7B8B-1792-4138-8BEC-87C91E49B78D}
	EndGlobalSection
EndGlobal
